dependencies:
- name: common
  repository: oci://registry-1.docker.io/bitnamicharts
  version: 2.31.1
- name: postgresql
  repository: oci://registry-1.docker.io/bitnamicharts
  version: 16.7.9
- name: seaweedfs
  repository: https://seaweedfs.github.io/seaweedfs/helm
  version: 4.0.389
digest: sha256:b7cfcb9eda8fde9e4048ec89d027648a3315fcb23c1d1d4fe7ce2668fc8d5b6d
generated: "2025-06-06T12:52:24.577118+02:00"
